
Microsoft Visual Studio Solution File, Format Version 12.00
# Visual Studio Version 17
VisualStudioVersion = 17.1.32210.238
MinimumVisualStudioVersion = 10.0.40219.1
Project("{FAE04EC0-301F-11D3-BF4B-00C04F79EFBC}") = "Todo.Infra", "Todo.Infra\Todo.Infra.csproj", "{2C184239-2977-477F-BDFB-4A6827FCED2E}"
EndProject
Project("{FAE04EC0-301F-11D3-BF4B-00C04F79EFBC}") = "Todo.Shared", "Todo.Shared\Todo.Shared.csproj", "{ED76C662-94B1-48EB-A3D1-069C98140D8E}"
EndProject
Project("{FAE04EC0-301F-11D3-BF4B-00C04F79EFBC}") = "Todo.Domain", "Todo.Domain\Todo.Domain.csproj", "{3AE8A244-B88E-40FA-94C4-C0AAAEF54AC0}"
EndProject
Project("{FAE04EC0-301F-11D3-BF4B-00C04F79EFBC}") = "Todo.Api", "Todo.Api\Todo.Api.csproj", "{38B55E53-4F0A-4825-A924-40219093166B}"
EndProject
Project("{FAE04EC0-301F-11D3-BF4B-00C04F79EFBC}") = "Todo.Tests", "Todo.Tests\Todo.Tests.csproj", "{FBEE09D6-10CA-483D-B336-957BEA06CAEB}"
EndProject
Global
	GlobalSection(SolutionConfigurationPlatforms) = preSolution
		Debug|Any CPU = Debug|Any CPU
		Release|Any CPU = Release|Any CPU
	EndGlobalSection
	GlobalSection(ProjectConfigurationPlatforms) = postSolution
		{2C184239-2977-477F-BDFB-4A6827FCED2E}.Debug|Any CPU.ActiveCfg = Debug|Any CPU
		{2C184239-2977-477F-BDFB-4A6827FCED2E}.Debug|Any CPU.Build.0 = Debug|Any CPU
		{2C184239-2977-477F-BDFB-4A6827FCED2E}.Release|Any CPU.ActiveCfg = Release|Any CPU
		{2C184239-2977-477F-BDFB-4A6827FCED2E}.Release|Any CPU.Build.0 = Release|Any CPU
		{ED76C662-94B1-48EB-A3D1-069C98140D8E}.Debug|Any CPU.ActiveCfg = Debug|Any CPU
		{ED76C662-94B1-48EB-A3D1-069C98140D8E}.Debug|Any CPU.Build.0 = Debug|Any CPU
		{ED76C662-94B1-48EB-A3D1-069C98140D8E}.Release|Any CPU.ActiveCfg = Release|Any CPU
		{ED76C662-94B1-48EB-A3D1-069C98140D8E}.Release|Any CPU.Build.0 = Release|Any CPU
		{3AE8A244-B88E-40FA-94C4-C0AAAEF54AC0}.Debug|Any CPU.ActiveCfg = Debug|Any CPU
		{3AE8A244-B88E-40FA-94C4-C0AAAEF54AC0}.Debug|Any CPU.Build.0 = Debug|Any CPU
		{3AE8A244-B88E-40FA-94C4-C0AAAEF54AC0}.Release|Any CPU.ActiveCfg = Release|Any CPU
		{3AE8A244-B88E-40FA-94C4-C0AAAEF54AC0}.Release|Any CPU.Build.0 = Release|Any CPU
		{38B55E53-4F0A-4825-A924-40219093166B}.Debug|Any CPU.ActiveCfg = Debug|Any CPU
		{38B55E53-4F0A-4825-A924-40219093166B}.Debug|Any CPU.Build.0 = Debug|Any CPU
		{38B55E53-4F0A-4825-A924-40219093166B}.Release|Any CPU.ActiveCfg = Release|Any CPU
		{38B55E53-4F0A-4825-A924-40219093166B}.Release|Any CPU.Build.0 = Release|Any CPU
		{FBEE09D6-10CA-483D-B336-957BEA06CAEB}.Debug|Any CPU.ActiveCfg = Debug|Any CPU
		{FBEE09D6-10CA-483D-B336-957BEA06CAEB}.Debug|Any CPU.Build.0 = Debug|Any CPU
		{FBEE09D6-10CA-483D-B336-957BEA06CAEB}.Release|Any CPU.ActiveCfg = Release|Any CPU
		{FBEE09D6-10CA-483D-B336-957BEA06CAEB}.Release|Any CPU.Build.0 = Release|Any CPU
	EndGlobalSection
	GlobalSection(SolutionProperties) = preSolution
		HideSolutionNode = FALSE
	EndGlobalSection
	GlobalSection(ExtensibilityGlobals) = postSolution
		SolutionGuid = {4A6D30C7-8464-41A3-811D-F8CC3FEB8D50}
	EndGlobalSection
EndGlobal
